Microsoft Visual Studio Solution File, Format Version 11.00
# Visual Studio 2008

Project("{C041FD42-3F4F-854F-AF97-6BC5F734C10A}") = "Augmented_Geometry", "Assembly-CSharp.csproj", "{123DB4CC-A126-41DD-7A9F-FB04F484D8C3}"
EndProject
Project("{C041FD42-3F4F-854F-AF97-6BC5F734C10A}") = "Augmented_Geometry", "Assembly-CSharp-Editor.csproj", "{12F9E107-E773-6763-9318-29F1ECBD36C8}"
EndProject
Global
	GlobalSection(SolutionConfigurationPlatforms) = preSolution
		Debug|Any CPU = Debug|Any CPU
		Release|Any CPU = Release|Any CPU
	EndGlobalSection
	GlobalSection(ProjectConfigurationPlatforms) = postSolution
		{123DB4CC-A126-41DD-7A9F-FB04F484D8C3}.Debug|Any CPU.ActiveCfg = Debug|Any CPU
		{123DB4CC-A126-41DD-7A9F-FB04F484D8C3}.Debug|Any CPU.Build.0 = Debug|Any CPU
		{123DB4CC-A126-41DD-7A9F-FB04F484D8C3}.Release|Any CPU.ActiveCfg = Release|Any CPU
		{123DB4CC-A126-41DD-7A9F-FB04F484D8C3}.Release|Any CPU.Build.0 = Release|Any CPU
		{12F9E107-E773-6763-9318-29F1ECBD36C8}.Debug|Any CPU.ActiveCfg = Debug|Any CPU
		{12F9E107-E773-6763-9318-29F1ECBD36C8}.Debug|Any CPU.Build.0 = Debug|Any CPU
		{12F9E107-E773-6763-9318-29F1ECBD36C8}.Release|Any CPU.ActiveCfg = Release|Any CPU
		{12F9E107-E773-6763-9318-29F1ECBD36C8}.Release|Any CPU.Build.0 = Release|Any CPU
	EndGlobalSection
	GlobalSection(SolutionProperties) = preSolution
		HideSolutionNode = FALSE
	EndGlobalSection
	GlobalSection(MonoDevelopProperties) = preSolution
		StartupItem = Assembly-CSharp.csproj
	EndGlobalSection
EndGlobal
